
Microsoft Visual Studio Solution File, Format Version 12.00
# Visual Studio 15
VisualStudioVersion = 15.0.28307.852
MinimumVisualStudioVersion = 10.0.40219.1
Project("{9A19103F-16F7-4668-BE54-9A1E7A4F7556}") = "DotNetCore_Tutorial", "DotNetCore_Tutorial\DotNetCore_Tutorial.csproj", "{04A55ADF-416F-47C6-8EF1-65E2D0C11294}"
EndProject
Project("{FAE04EC0-301F-11D3-BF4B-00C04F79EFBC}") = "DotNetCore_Tutorial.Data", "DotNetCore_Tutorial.Data\DotNetCore_Tutorial.Data.csproj", "{95CAF4F6-4E6A-4D07-84A6-D7E01CE43896}"
EndProject
Global
	GlobalSection(SolutionConfigurationPlatforms) = preSolution
		Debug|Any CPU = Debug|Any CPU
		Release|Any CPU = Release|Any CPU
	EndGlobalSection
	GlobalSection(ProjectConfigurationPlatforms) = postSolution
		{04A55ADF-416F-47C6-8EF1-65E2D0C11294}.Debug|Any CPU.ActiveCfg = Debug|Any CPU
		{04A55ADF-416F-47C6-8EF1-65E2D0C11294}.Debug|Any CPU.Build.0 = Debug|Any CPU
		{04A55ADF-416F-47C6-8EF1-65E2D0C11294}.Release|Any CPU.ActiveCfg = Release|Any CPU
		{04A55ADF-416F-47C6-8EF1-65E2D0C11294}.Release|Any CPU.Build.0 = Release|Any CPU
		{95CAF4F6-4E6A-4D07-84A6-D7E01CE43896}.Debug|Any CPU.ActiveCfg = Debug|Any CPU
		{95CAF4F6-4E6A-4D07-84A6-D7E01CE43896}.Debug|Any CPU.Build.0 = Debug|Any CPU
		{95CAF4F6-4E6A-4D07-84A6-D7E01CE43896}.Release|Any CPU.ActiveCfg = Release|Any CPU
		{95CAF4F6-4E6A-4D07-84A6-D7E01CE43896}.Release|Any CPU.Build.0 = Release|Any CPU
	EndGlobalSection
	GlobalSection(SolutionProperties) = preSolution
		HideSolutionNode = FALSE
	EndGlobalSection
	GlobalSection(ExtensibilityGlobals) = postSolution
		SolutionGuid = {5AA132CA-F006-4BAF-B71F-767FBF686885}
	EndGlobalSection
EndGlobal
